
Microsoft Visual Studio Solution File, Format Version 12.00
# Visual Studio 15
Project("{FAE04EC0-301F-11D3-BF4B-00C04F79EFBC}") = "Assembly-CSharp", "Assembly-CSharp.csproj", "{D18C22FC-533C-762A-AC2F-B2AA81D80E16}"
EndProject
Project("{FAE04EC0-301F-11D3-BF4B-00C04F79EFBC}") = "UniGLTF", "UniGLTF.csproj", "{BC288CED-5001-0581-D5CD-395B75B0D22C}"
EndProject
Project("{FAE04EC0-301F-11D3-BF4B-00C04F79EFBC}") = "UniHumanoid", "UniHumanoid.csproj", "{84B66320-5A8E-4B10-09C6-A9BE7DE9F93A}"
EndProject
Project("{FAE04EC0-301F-11D3-BF4B-00C04F79EFBC}") = "VRM", "VRM.csproj", "{0E5CD812-8F5D-B034-01C5-9DF779F82B3E}"
EndProject
Project("{FAE04EC0-301F-11D3-BF4B-00C04F79EFBC}") = "VRMShaders.GLTF.IO.Runtime", "VRMShaders.GLTF.IO.Runtime.csproj", "{F51965B8-E8A8-9572-B4CB-406A1D92B44C}"
EndProject
Project("{FAE04EC0-301F-11D3-BF4B-00C04F79EFBC}") = "VRMShaders.VRM10.MToon10.Runtime", "VRMShaders.VRM10.MToon10.Runtime.csproj", "{6FC4E61E-CEA1-B10B-21E3-73D94FFC5741}"
EndProject
Project("{FAE04EC0-301F-11D3-BF4B-00C04F79EFBC}") = "VRMShaders.VRM.IO.Runtime", "VRMShaders.VRM.IO.Runtime.csproj", "{7B71EC37-4B97-430F-1EC8-08C4F6C14007}"
EndProject
Project("{FAE04EC0-301F-11D3-BF4B-00C04F79EFBC}") = "MToon", "MToon.csproj", "{94C6B629-8747-A9D0-1FBB-8A0331B83531}"
EndProject
Project("{FAE04EC0-301F-11D3-BF4B-00C04F79EFBC}") = "VRMShaders.VRM10.Format.Runtime", "VRMShaders.VRM10.Format.Runtime.csproj", "{E1977813-42F5-7228-167D-F0812358C82B}"
EndProject
Project("{FAE04EC0-301F-11D3-BF4B-00C04F79EFBC}") = "VRMShaders.GLTF.UniUnlit.Runtime", "VRMShaders.GLTF.UniUnlit.Runtime.csproj", "{F5C6C9D8-E227-E0CF-C17E-B781A4C6D439}"
EndProject
Project("{FAE04EC0-301F-11D3-BF4B-00C04F79EFBC}") = "Oculus.LipSync", "Oculus.LipSync.csproj", "{0192D3E6-189F-4CB7-3117-75E94DECAA69}"
EndProject
Project("{FAE04EC0-301F-11D3-BF4B-00C04F79EFBC}") = "UniGLTF.Tests", "UniGLTF.Tests.csproj", "{E6C8EC62-A255-0CD6-A432-55193678691F}"
EndProject
Project("{FAE04EC0-301F-11D3-BF4B-00C04F79EFBC}") = "UniVRM.Editor", "UniVRM.Editor.csproj", "{0484B245-2A94-90DD-CC9F-20DEE0DD25D9}"
EndProject
Project("{FAE04EC0-301F-11D3-BF4B-00C04F79EFBC}") = "VRMShaders.GLTF.UniUnlit.Editor", "VRMShaders.GLTF.UniUnlit.Editor.csproj", "{42CAD41E-41BA-0125-1360-F9EC16E60417}"
EndProject
Project("{FAE04EC0-301F-11D3-BF4B-00C04F79EFBC}") = "UniGLTF.Editor", "UniGLTF.Editor.csproj", "{F122F5A0-23C3-6D72-787F-02B33C9989E8}"
EndProject
Project("{FAE04EC0-301F-11D3-BF4B-00C04F79EFBC}") = "UniHumanoid.Editor", "UniHumanoid.Editor.csproj", "{13779C3E-C28D-89C8-3A2E-7E70A2C945B0}"
EndProject
Project("{FAE04EC0-301F-11D3-BF4B-00C04F79EFBC}") = "VRM.Tests", "VRM.Tests.csproj", "{A388FB58-3AB1-DA51-1878-9E331FEA81D9}"
EndProject
Project("{FAE04EC0-301F-11D3-BF4B-00C04F79EFBC}") = "VRMShaders.GLTF.IO.Tests", "VRMShaders.GLTF.IO.Tests.csproj", "{B0D25EAC-1AEE-6278-07CD-FBF000266FCC}"
EndProject
Project("{FAE04EC0-301F-11D3-BF4B-00C04F79EFBC}") = "VRMShaders.VRM10.MToon10.Editor", "VRMShaders.VRM10.MToon10.Editor.csproj", "{DC646049-4F97-4E8F-8538-CC278F026EC8}"
EndProject
Project("{FAE04EC0-301F-11D3-BF4B-00C04F79EFBC}") = "MToon.Editor", "MToon.Editor.csproj", "{AEA262E6-60FE-6E07-F9F8-CC38363C1186}"
EndProject
Project("{FAE04EC0-301F-11D3-BF4B-00C04F79EFBC}") = "Assembly-CSharp-Editor", "Assembly-CSharp-Editor.csproj", "{88F959CC-0A9D-CE45-4785-D6CF59658FC5}"
EndProject
Project("{FAE04EC0-301F-11D3-BF4B-00C04F79EFBC}") = "VRMShaders.GLTF.IO.Editor", "VRMShaders.GLTF.IO.Editor.csproj", "{2B795523-2779-6E42-B2FE-2EA744FA5024}"
EndProject
Project("{FAE04EC0-301F-11D3-BF4B-00C04F79EFBC}") = "VRMShaders.VRM10.MToon10.Tests", "VRMShaders.VRM10.MToon10.Tests.csproj", "{95322164-DFC7-AD0F-F30F-FB2E3DA15821}"
EndProject
Project("{FAE04EC0-301F-11D3-BF4B-00C04F79EFBC}") = "UniHumanoid.Editor.Tests", "UniHumanoid.Editor.Tests.csproj", "{63866AFF-922A-ABC8-0CCE-D1753D0E9E91}"
EndProject
Project("{FAE04EC0-301F-11D3-BF4B-00C04F79EFBC}") = "VRMShaders.VRM.IO.Editor", "VRMShaders.VRM.IO.Editor.csproj", "{427D9C60-98A5-4894-F6F7-1826B6BDD764}"
EndProject
Project("{FAE04EC0-301F-11D3-BF4B-00C04F79EFBC}") = "Oculus.LipSync.Editor", "Oculus.LipSync.Editor.csproj", "{3AFD31C6-2D14-05CD-7BCD-06E99E6A36B8}"
EndProject
Global
	GlobalSection(SolutionConfigurationPlatforms) = preSolution
		Debug|Any CPU = Debug|Any CPU
		Release|Any CPU = Release|Any CPU
	EndGlobalSection
	GlobalSection(ProjectConfigurationPlatforms) = postSolution
		{D18C22FC-533C-762A-AC2F-B2AA81D80E16}.Debug|Any CPU.ActiveCfg = Debug|Any CPU
		{D18C22FC-533C-762A-AC2F-B2AA81D80E16}.Debug|Any CPU.Build.0 = Debug|Any CPU
		{D18C22FC-533C-762A-AC2F-B2AA81D80E16}.Release|Any CPU.ActiveCfg = Release|Any CPU
		{D18C22FC-533C-762A-AC2F-B2AA81D80E16}.Release|Any CPU.Build.0 = Release|Any CPU
		{BC288CED-5001-0581-D5CD-395B75B0D22C}.Debug|Any CPU.ActiveCfg = Debug|Any CPU
		{BC288CED-5001-0581-D5CD-395B75B0D22C}.Debug|Any CPU.Build.0 = Debug|Any CPU
		{BC288CED-5001-0581-D5CD-395B75B0D22C}.Release|Any CPU.ActiveCfg = Release|Any CPU
		{BC288CED-5001-0581-D5CD-395B75B0D22C}.Release|Any CPU.Build.0 = Release|Any CPU
		{84B66320-5A8E-4B10-09C6-A9BE7DE9F93A}.Debug|Any CPU.ActiveCfg = Debug|Any CPU
		{84B66320-5A8E-4B10-09C6-A9BE7DE9F93A}.Debug|Any CPU.Build.0 = Debug|Any CPU
		{84B66320-5A8E-4B10-09C6-A9BE7DE9F93A}.Release|Any CPU.ActiveCfg = Release|Any CPU
		{84B66320-5A8E-4B10-09C6-A9BE7DE9F93A}.Release|Any CPU.Build.0 = Release|Any CPU
		{0E5CD812-8F5D-B034-01C5-9DF779F82B3E}.Debug|Any CPU.ActiveCfg = Debug|Any CPU
		{0E5CD812-8F5D-B034-01C5-9DF779F82B3E}.Debug|Any CPU.Build.0 = Debug|Any CPU
		{0E5CD812-8F5D-B034-01C5-9DF779F82B3E}.Release|Any CPU.ActiveCfg = Release|Any CPU
		{0E5CD812-8F5D-B034-01C5-9DF779F82B3E}.Release|Any CPU.Build.0 = Release|Any CPU
		{F51965B8-E8A8-9572-B4CB-406A1D92B44C}.Debug|Any CPU.ActiveCfg = Debug|Any CPU
		{F51965B8-E8A8-9572-B4CB-406A1D92B44C}.Debug|Any CPU.Build.0 = Debug|Any CPU
		{F51965B8-E8A8-9572-B4CB-406A1D92B44C}.Release|Any CPU.ActiveCfg = Release|Any CPU
		{F51965B8-E8A8-9572-B4CB-406A1D92B44C}.Release|Any CPU.Build.0 = Release|Any CPU
		{6FC4E61E-CEA1-B10B-21E3-73D94FFC5741}.Debug|Any CPU.ActiveCfg = Debug|Any CPU
		{6FC4E61E-CEA1-B10B-21E3-73D94FFC5741}.Debug|Any CPU.Build.0 = Debug|Any CPU
		{6FC4E61E-CEA1-B10B-21E3-73D94FFC5741}.Release|Any CPU.ActiveCfg = Release|Any CPU
		{6FC4E61E-CEA1-B10B-21E3-73D94FFC5741}.Release|Any CPU.Build.0 = Release|Any CPU
		{7B71EC37-4B97-430F-1EC8-08C4F6C14007}.Debug|Any CPU.ActiveCfg = Debug|Any CPU
		{7B71EC37-4B97-430F-1EC8-08C4F6C14007}.Debug|Any CPU.Build.0 = Debug|Any CPU
		{7B71EC37-4B97-430F-1EC8-08C4F6C14007}.Release|Any CPU.ActiveCfg = Release|Any CPU
		{7B71EC37-4B97-430F-1EC8-08C4F6C14007}.Release|Any CPU.Build.0 = Release|Any CPU
		{94C6B629-8747-A9D0-1FBB-8A0331B83531}.Debug|Any CPU.ActiveCfg = Debug|Any CPU
		{94C6B629-8747-A9D0-1FBB-8A0331B83531}.Debug|Any CPU.Build.0 = Debug|Any CPU
		{94C6B629-8747-A9D0-1FBB-8A0331B83531}.Release|Any CPU.ActiveCfg = Release|Any CPU
		{94C6B629-8747-A9D0-1FBB-8A0331B83531}.Release|Any CPU.Build.0 = Release|Any CPU
		{E1977813-42F5-7228-167D-F0812358C82B}.Debug|Any CPU.ActiveCfg = Debug|Any CPU
		{E1977813-42F5-7228-167D-F0812358C82B}.Debug|Any CPU.Build.0 = Debug|Any CPU
		{E1977813-42F5-7228-167D-F0812358C82B}.Release|Any CPU.ActiveCfg = Release|Any CPU
		{E1977813-42F5-7228-167D-F0812358C82B}.Release|Any CPU.Build.0 = Release|Any CPU
		{F5C6C9D8-E227-E0CF-C17E-B781A4C6D439}.Debug|Any CPU.ActiveCfg = Debug|Any CPU
		{F5C6C9D8-E227-E0CF-C17E-B781A4C6D439}.Debug|Any CPU.Build.0 = Debug|Any CPU
		{F5C6C9D8-E227-E0CF-C17E-B781A4C6D439}.Release|Any CPU.ActiveCfg = Release|Any CPU
		{F5C6C9D8-E227-E0CF-C17E-B781A4C6D439}.Release|Any CPU.Build.0 = Release|Any CPU
		{0192D3E6-189F-4CB7-3117-75E94DECAA69}.Debug|Any CPU.ActiveCfg = Debug|Any CPU
		{0192D3E6-189F-4CB7-3117-75E94DECAA69}.Debug|Any CPU.Build.0 = Debug|Any CPU
		{0192D3E6-189F-4CB7-3117-75E94DECAA69}.Release|Any CPU.ActiveCfg = Release|Any CPU
		{0192D3E6-189F-4CB7-3117-75E94DECAA69}.Release|Any CPU.Build.0 = Release|Any CPU
		{E6C8EC62-A255-0CD6-A432-55193678691F}.Debug|Any CPU.ActiveCfg = Debug|Any CPU
		{E6C8EC62-A255-0CD6-A432-55193678691F}.Debug|Any CPU.Build.0 = Debug|Any CPU
		{E6C8EC62-A255-0CD6-A432-55193678691F}.Release|Any CPU.ActiveCfg = Release|Any CPU
		{E6C8EC62-A255-0CD6-A432-55193678691F}.Release|Any CPU.Build.0 = Release|Any CPU
		{0484B245-2A94-90DD-CC9F-20DEE0DD25D9}.Debug|Any CPU.ActiveCfg = Debug|Any CPU
		{0484B245-2A94-90DD-CC9F-20DEE0DD25D9}.Debug|Any CPU.Build.0 = Debug|Any CPU
		{0484B245-2A94-90DD-CC9F-20DEE0DD25D9}.Release|Any CPU.ActiveCfg = Release|Any CPU
		{0484B245-2A94-90DD-CC9F-20DEE0DD25D9}.Release|Any CPU.Build.0 = Release|Any CPU
		{42CAD41E-41BA-0125-1360-F9EC16E60417}.Debug|Any CPU.ActiveCfg = Debug|Any CPU
		{42CAD41E-41BA-0125-1360-F9EC16E60417}.Debug|Any CPU.Build.0 = Debug|Any CPU
		{42CAD41E-41BA-0125-1360-F9EC16E60417}.Release|Any CPU.ActiveCfg = Release|Any CPU
		{42CAD41E-41BA-0125-1360-F9EC16E60417}.Release|Any CPU.Build.0 = Release|Any CPU
		{F122F5A0-23C3-6D72-787F-02B33C9989E8}.Debug|Any CPU.ActiveCfg = Debug|Any CPU
		{F122F5A0-23C3-6D72-787F-02B33C9989E8}.Debug|Any CPU.Build.0 = Debug|Any CPU
		{F122F5A0-23C3-6D72-787F-02B33C9989E8}.Release|Any CPU.ActiveCfg = Release|Any CPU
		{F122F5A0-23C3-6D72-787F-02B33C9989E8}.Release|Any CPU.Build.0 = Release|Any CPU
		{13779C3E-C28D-89C8-3A2E-7E70A2C945B0}.Debug|Any CPU.ActiveCfg = Debug|Any CPU
		{13779C3E-C28D-89C8-3A2E-7E70A2C945B0}.Debug|Any CPU.Build.0 = Debug|Any CPU
		{13779C3E-C28D-89C8-3A2E-7E70A2C945B0}.Release|Any CPU.ActiveCfg = Release|Any CPU
		{13779C3E-C28D-89C8-3A2E-7E70A2C945B0}.Release|Any CPU.Build.0 = Release|Any CPU
		{A388FB58-3AB1-DA51-1878-9E331FEA81D9}.Debug|Any CPU.ActiveCfg = Debug|Any CPU
		{A388FB58-3AB1-DA51-1878-9E331FEA81D9}.Debug|Any CPU.Build.0 = Debug|Any CPU
		{A388FB58-3AB1-DA51-1878-9E331FEA81D9}.Release|Any CPU.ActiveCfg = Release|Any CPU
		{A388FB58-3AB1-DA51-1878-9E331FEA81D9}.Release|Any CPU.Build.0 = Release|Any CPU
		{B0D25EAC-1AEE-6278-07CD-FBF000266FCC}.Debug|Any CPU.ActiveCfg = Debug|Any CPU
		{B0D25EAC-1AEE-6278-07CD-FBF000266FCC}.Debug|Any CPU.Build.0 = Debug|Any CPU
		{B0D25EAC-1AEE-6278-07CD-FBF000266FCC}.Release|Any CPU.ActiveCfg = Release|Any CPU
		{B0D25EAC-1AEE-6278-07CD-FBF000266FCC}.Release|Any CPU.Build.0 = Release|Any CPU
		{DC646049-4F97-4E8F-8538-CC278F026EC8}.Debug|Any CPU.ActiveCfg = Debug|Any CPU
		{DC646049-4F97-4E8F-8538-CC278F026EC8}.Debug|Any CPU.Build.0 = Debug|Any CPU
		{DC646049-4F97-4E8F-8538-CC278F026EC8}.Release|Any CPU.ActiveCfg = Release|Any CPU
		{DC646049-4F97-4E8F-8538-CC278F026EC8}.Release|Any CPU.Build.0 = Release|Any CPU
		{AEA262E6-60FE-6E07-F9F8-CC38363C1186}.Debug|Any CPU.ActiveCfg = Debug|Any CPU
		{AEA262E6-60FE-6E07-F9F8-CC38363C1186}.Debug|Any CPU.Build.0 = Debug|Any CPU
		{AEA262E6-60FE-6E07-F9F8-CC38363C1186}.Release|Any CPU.ActiveCfg = Release|Any CPU
		{AEA262E6-60FE-6E07-F9F8-CC38363C1186}.Release|Any CPU.Build.0 = Release|Any CPU
		{88F959CC-0A9D-CE45-4785-D6CF59658FC5}.Debug|Any CPU.ActiveCfg = Debug|Any CPU
		{88F959CC-0A9D-CE45-4785-D6CF59658FC5}.Debug|Any CPU.Build.0 = Debug|Any CPU
		{88F959CC-0A9D-CE45-4785-D6CF59658FC5}.Release|Any CPU.ActiveCfg = Release|Any CPU
		{88F959CC-0A9D-CE45-4785-D6CF59658FC5}.Release|Any CPU.Build.0 = Release|Any CPU
		{2B795523-2779-6E42-B2FE-2EA744FA5024}.Debug|Any CPU.ActiveCfg = Debug|Any CPU
		{2B795523-2779-6E42-B2FE-2EA744FA5024}.Debug|Any CPU.Build.0 = Debug|Any CPU
		{2B795523-2779-6E42-B2FE-2EA744FA5024}.Release|Any CPU.ActiveCfg = Release|Any CPU
		{2B795523-2779-6E42-B2FE-2EA744FA5024}.Release|Any CPU.Build.0 = Release|Any CPU
		{95322164-DFC7-AD0F-F30F-FB2E3DA15821}.Debug|Any CPU.ActiveCfg = Debug|Any CPU
		{95322164-DFC7-AD0F-F30F-FB2E3DA15821}.Debug|Any CPU.Build.0 = Debug|Any CPU
		{95322164-DFC7-AD0F-F30F-FB2E3DA15821}.Release|Any CPU.ActiveCfg = Release|Any CPU
		{95322164-DFC7-AD0F-F30F-FB2E3DA15821}.Release|Any CPU.Build.0 = Release|Any CPU
		{63866AFF-922A-ABC8-0CCE-D1753D0E9E91}.Debug|Any CPU.ActiveCfg = Debug|Any CPU
		{63866AFF-922A-ABC8-0CCE-D1753D0E9E91}.Debug|Any CPU.Build.0 = Debug|Any CPU
		{63866AFF-922A-ABC8-0CCE-D1753D0E9E91}.Release|Any CPU.ActiveCfg = Release|Any CPU
		{63866AFF-922A-ABC8-0CCE-D1753D0E9E91}.Release|Any CPU.Build.0 = Release|Any CPU
		{427D9C60-98A5-4894-F6F7-1826B6BDD764}.Debug|Any CPU.ActiveCfg = Debug|Any CPU
		{427D9C60-98A5-4894-F6F7-1826B6BDD764}.Debug|Any CPU.Build.0 = Debug|Any CPU
		{427D9C60-98A5-4894-F6F7-1826B6BDD764}.Release|Any CPU.ActiveCfg = Release|Any CPU
		{427D9C60-98A5-4894-F6F7-1826B6BDD764}.Release|Any CPU.Build.0 = Release|Any CPU
		{3AFD31C6-2D14-05CD-7BCD-06E99E6A36B8}.Debug|Any CPU.ActiveCfg = Debug|Any CPU
		{3AFD31C6-2D14-05CD-7BCD-06E99E6A36B8}.Debug|Any CPU.Build.0 = Debug|Any CPU
		{3AFD31C6-2D14-05CD-7BCD-06E99E6A36B8}.Release|Any CPU.ActiveCfg = Release|Any CPU
		{3AFD31C6-2D14-05CD-7BCD-06E99E6A36B8}.Release|Any CPU.Build.0 = Release|Any CPU
	EndGlobalSection
	GlobalSection(SolutionProperties) = preSolution
		HideSolutionNode = FALSE
	EndGlobalSection
EndGlobal
